
Microsoft Visual Studio Solution File, Format Version 12.00
# Visual Studio 15
VisualStudioVersion = 15.0.27130.2024
MinimumVisualStudioVersion = 10.0.40219.1
Project("{8BC9CEB8-8B4A-11D0-8D11-00A0C91BC942}") = "rosINTERNALesp", "rosINTERNALesp.vcxproj", "{BF8330C7-13D4-42FE-B4D1-0D3F3E14CE42}"
EndProject
Global
	GlobalSection(SolutionConfigurationPlatforms) = preSolution
		Debug|x64 = Debug|x64
		Debug|x86 = Debug|x86
		Release|x64 = Release|x64
		Release|x86 = Release|x86
	EndGlobalSection
	GlobalSection(ProjectConfigurationPlatforms) = postSolution
		{BF8330C7-13D4-42FE-B4D1-0D3F3E14CE42}.Debug|x64.ActiveCfg = Debug|x64
		{BF8330C7-13D4-42FE-B4D1-0D3F3E14CE42}.Debug|x64.Build.0 = Debug|x64
		{BF8330C7-13D4-42FE-B4D1-0D3F3E14CE42}.Debug|x86.ActiveCfg = Debug|Win32
		{BF8330C7-13D4-42FE-B4D1-0D3F3E14CE42}.Debug|x86.Build.0 = Debug|Win32
		{BF8330C7-13D4-42FE-B4D1-0D3F3E14CE42}.Release|x64.ActiveCfg = Release|x64
		{BF8330C7-13D4-42FE-B4D1-0D3F3E14CE42}.Release|x64.Build.0 = Release|x64
		{BF8330C7-13D4-42FE-B4D1-0D3F3E14CE42}.Release|x86.ActiveCfg = Release|Win32
		{BF8330C7-13D4-42FE-B4D1-0D3F3E14CE42}.Release|x86.Build.0 = Release|Win32
	EndGlobalSection
	GlobalSection(SolutionProperties) = preSolution
		HideSolutionNode = FALSE
	EndGlobalSection
	GlobalSection(ExtensibilityGlobals) = postSolution
		SolutionGuid = {412277AB-D662-4DDC-911D-2140E568FEF7}
	EndGlobalSection
EndGlobal
